// !$*UTF8*$!
{
	archiveVersion = 1;
	classes = {
	};
	objectVersion = 50;
	objects = {

/* Begin PBXBuildFile section */
		F40CAFC324B34799004C7750 /* AppDelegate.swift in Sources */ = {isa = PBXBuildFile; fileRef = F40CAFC224B34799004C7750 /* AppDelegate.swift */; };
		F40CAFC524B34799004C7750 /* SceneDelegate.swift in Sources */ = {isa = PBXBuildFile; fileRef = F40CAFC424B34799004C7750 /* SceneDelegate.swift */; };
		F40CAFC724B34799004C7750 /* ViewController.swift in Sources */ = {isa = PBXBuildFile; fileRef = F40CAFC624B34799004C7750 /* ViewController.swift */; };
		F40CAFCA24B34799004C7750 /* Main.storyboard in Resources */ = {isa = PBXBuildFile; fileRef = F40CAFC824B34799004C7750 /* Main.storyboard */; };
		F40CAFCD24B34799004C7750 /* Net4Al2.xcdatamodeld in Sources */ = {isa = PBXBuildFile; fileRef = F40CAFCB24B34799004C7750 /* Net4Al2.xcdatamodeld */; };
		F40CAFCF24B3479B004C7750 /* Assets.xcassets in Resources */ = {isa = PBXBuildFile; fileRef = F40CAFCE24B3479B004C7750 /* Assets.xcassets */; };
		F40CAFD224B3479B004C7750 /* LaunchScreen.storyboard in Resources */ = {isa = PBXBuildFile; fileRef = F40CAFD024B3479B004C7750 /* LaunchScreen.storyboard */; };
		F40CAFDD24B3479B004C7750 /* Net4Al2Tests.swift in Sources */ = {isa = PBXBuildFile; fileRef = F40CAFDC24B3479B004C7750 /* Net4Al2Tests.swift */; };
		F40CAFE824B3479B004C7750 /* Net4Al2UITests.swift in Sources */ = {isa = PBXBuildFile; fileRef = F40CAFE724B3479B004C7750 /* Net4Al2UITests.swift */; };
/* End PBXBuildFile section */

/* Begin PBXContainerItemProxy section */
		F40CAFD924B3479B004C7750 /* PBXContainerItemProxy */ = {
			isa = PBXContainerItemProxy;
			containerPortal = F40CAFB724B34799004C7750 /* Project object */;
			proxyType = 1;
			remoteGlobalIDString = F40CAFBE24B34799004C7750;
			remoteInfo = Net4Al2;
		};
		F40CAFE424B3479B004C7750 /* PBXContainerItemProxy */ = {
			isa = PBXContainerItemProxy;
			containerPortal = F40CAFB724B34799004C7750 /* Project object */;
			proxyType = 1;
			remoteGlobalIDString = F40CAFBE24B34799004C7750;
			remoteInfo = Net4Al2;
		};
/* End PBXContainerItemProxy section */

/* Begin PBXFileReference section */
		F40CAFBF24B34799004C7750 /* Net4Al2.app */ = {isa = PBXFileReference; explicitFileType = wrapper.application; includeInIndex = 0; path = Net4Al2.app; sourceTree = BUILT_PRODUCTS_DIR; };
		F40CAFC224B34799004C7750 /* AppDelegate.swift */ = {isa = PBXFileReference; lastKnownFileType = sourcecode.swift; path = AppDelegate.swift; sourceTree = "<group>"; };
		F40CAFC424B34799004C7750 /* SceneDelegate.swift */ = {isa = PBXFileReference; lastKnownFileType = sourcecode.swift; path = SceneDelegate.swift; sourceTree = "<group>"; };
		F40CAFC624B34799004C7750 /* ViewController.swift */ = {isa = PBXFileReference; lastKnownFileType = sourcecode.swift; path = ViewController.swift; sourceTree = "<group>"; };
		F40CAFC924B34799004C7750 /* Base */ = {isa = PBXFileReference; lastKnownFileType = file.storyboard; name = Base; path = Base.lproj/Main.storyboard; sourceTree = "<group>"; };
		F40CAFCC24B34799004C7750 /* Net4Al2.xcdatamodel */ = {isa = PBXFileReference; lastKnownFileType = wrapper.xcdatamodel; path = Net4Al2.xcdatamodel; sourceTree = "<group>"; };
		F40CAFCE24B3479B004C7750 /* Assets.xcassets */ = {isa = PBXFileReference; lastKnownFileType = folder.assetcatalog; path = Assets.xcassets; sourceTree = "<group>"; };
		F40CAFD124B3479B004C7750 /* Base */ = {isa = PBXFileReference; lastKnownFileType = file.storyboard; name = Base; path = Base.lproj/LaunchScreen.storyboard; sourceTree = "<group>"; };
		F40CAFD324B3479B004C7750 /* Info.plist */ = {isa = PBXFileReference; lastKnownFileType = text.plist.xml; path = Info.plist; sourceTree = "<group>"; };
		F40CAFD824B3479B004C7750 /* Net4Al2Tests.xctest */ = {isa = PBXFileReference; explicitFileType = wrapper.cfbundle; includeInIndex = 0; path = Net4Al2Tests.xctest; sourceTree = BUILT_PRODUCTS_DIR; };
		F40CAFDC24B3479B004C7750 /* Net4Al2Tests.swift */ = {isa = PBXFileReference; lastKnownFileType = sourcecode.swift; path = Net4Al2Tests.swift; sourceTree = "<group>"; };
		F40CAFDE24B3479B004C7750 /* Info.plist */ = {isa = PBXFileReference; lastKnownFileType = text.plist.xml; path = Info.plist; sourceTree = "<group>"; };
		F40CAFE324B3479B004C7750 /* Net4Al2UITests.xctest */ = {isa = PBXFileReference; explicitFileType = wrapper.cfbundle; includeInIndex = 0; path = Net4Al2UITests.xctest; sourceTree = BUILT_PRODUCTS_DIR; };
		F40CAFE724B3479B004C7750 /* Net4Al2UITests.swift */ = {isa = PBXFileReference; lastKnownFileType = sourcecode.swift; path = Net4Al2UITests.swift; sourceTree = "<group>"; };
		F40CAFE924B3479B004C7750 /* Info.plist */ = {isa = PBXFileReference; lastKnownFileType = text.plist.xml; path = Info.plist; sourceTree = "<group>"; };
/* End PBXFileReference section */

/* Begin PBXFrameworksBuildPhase section */
		F40CAFBC24B34799004C7750 /* Frameworks */ = {
			isa = PBXFrameworksBuildPhase;
			buildActionMask = 2147483647;
			files = (
			);
			runOnlyForDeploymentPostprocessing = 0;
		};
		F40CAFD524B3479B004C7750 /* Frameworks */ = {
			isa = PBXFrameworksBuildPhase;
			buildActionMask = 2147483647;
			files = (
			);
			runOnlyForDeploymentPostprocessing = 0;
		};
		F40CAFE024B3479B004C7750 /* Frameworks */ = {
			isa = PBXFrameworksBuildPhase;
			buildActionMask = 2147483647;
			files = (
			);
			runOnlyForDeploymentPostprocessing = 0;
		};
/* End PBXFrameworksBuildPhase section */

/* Begin PBXGroup section */
		F40CAFB624B34799004C7750 = {
			isa = PBXGroup;
			children = (
				F40CAFC124B34799004C7750 /* Net4Al2 */,
				F40CAFDB24B3479B004C7750 /* Net4Al2Tests */,
				F40CAFE624B3479B004C7750 /* Net4Al2UITests */,
				F40CAFC024B34799004C7750 /* Products */,
			);
			sourceTree = "<group>";
		};
		F40CAFC024B34799004C7750 /* Products */ = {
			isa = PBXGroup;
			children = (
				F40CAFBF24B34799004C7750 /* Net4Al2.app */,
				F40CAFD824B3479B004C7750 /* Net4Al2Tests.xctest */,
				F40CAFE324B3479B004C7750 /* Net4Al2UITests.xctest */,
			);
			name = Products;
			sourceTree = "<group>";
		};
		F40CAFC124B34799004C7750 /* Net4Al2 */ = {
			isa = PBXGroup;
			children = (
				F40CAFC224B34799004C7750 /* AppDelegate.swift */,
				F40CAFC424B34799004C7750 /* SceneDelegate.swift */,
				F40CAFC624B34799004C7750 /* ViewController.swift */,
				F40CAFC824B34799004C7750 /* Main.storyboard */,
				F40CAFCE24B3479B004C7750 /* Assets.xcassets */,
				F40CAFD024B3479B004C7750 /* LaunchScreen.storyboard */,
				F40CAFD324B3479B004C7750 /* Info.plist */,
				F40CAFCB24B34799004C7750 /* Net4Al2.xcdatamodeld */,
			);
			path = Net4Al2;
			sourceTree = "<group>";
		};
		F40CAFDB24B3479B004C7750 /* Net4Al2Tests */ = {
			isa = PBXGroup;
			children = (
				F40CAFDC24B3479B004C7750 /* Net4Al2Tests.swift */,
				F40CAFDE24B3479B004C7750 /* Info.plist */,
			);
			path = Net4Al2Tests;
			sourceTree = "<group>";
		};
		F40CAFE624B3479B004C7750 /* Net4Al2UITests */ = {
			isa = PBXGroup;
			children = (
				F40CAFE724B3479B004C7750 /* Net4Al2UITests.swift */,
				F40CAFE924B3479B004C7750 /* Info.plist */,
			);
			path = Net4Al2UITests;
			sourceTree = "<group>";
		};
/* End PBXGroup section */

/* Begin PBXNativeTarget section */
		F40CAFBE24B34799004C7750 /* Net4Al2 */ = {
			isa = PBXNativeTarget;
			buildConfigurationList = F40CAFEC24B3479B004C7750 /* Build configuration list for PBXNativeTarget "Net4Al2" */;
			buildPhases = (
				F40CAFBB24B34799004C7750 /* Sources */,
				F40CAFBC24B34799004C7750 /* Frameworks */,
				F40CAFBD24B34799004C7750 /* Resources */,
			);
			buildRules = (
			);
			dependencies = (
			);
			name = Net4Al2;
			productName = Net4Al2;
			productReference = F40CAFBF24B34799004C7750 /* Net4Al2.app */;
			productType = "com.apple.product-type.application";
		};
		F40CAFD724B3479B004C7750 /* Net4Al2Tests */ = {
			isa = PBXNativeTarget;
			buildConfigurationList = F40CAFEF24B3479B004C7750 /* Build configuration list for PBXNativeTarget "Net4Al2Tests" */;
			buildPhases = (
				F40CAFD424B3479B004C7750 /* Sources */,
				F40CAFD524B3479B004C7750 /* Frameworks */,
				F40CAFD624B3479B004C7750 /* Resources */,
			);
			buildRules = (
			);
			dependencies = (
				F40CAFDA24B3479B004C7750 /* PBXTargetDependency */,
			);
			name = Net4Al2Tests;
			productName = Net4Al2Tests;
			productReference = F40CAFD824B3479B004C7750 /* Net4Al2Tests.xctest */;
			productType = "com.apple.product-type.bundle.unit-test";
		};
		F40CAFE224B3479B004C7750 /* Net4Al2UITests */ = {
			isa = PBXNativeTarget;
			buildConfigurationList = F40CAFF224B3479B004C7750 /* Build configuration list for PBXNativeTarget "Net4Al2UITests" */;
			buildPhases = (
				F40CAFDF24B3479B004C7750 /* Sources */,
				F40CAFE024B3479B004C7750 /* Frameworks */,
				F40CAFE124B3479B004C7750 /* Resources */,
			);
			buildRules = (
			);
			dependencies = (
				F40CAFE524B3479B004C7750 /* PBXTargetDependency */,
			);
			name = Net4Al2UITests;
			productName = Net4Al2UITests;
			productReference = F40CAFE324B3479B004C7750 /* Net4Al2UITests.xctest */;
			productType = "com.apple.product-type.bundle.ui-testing";
		};
/* End PBXNativeTarget section */

/* Begin PBXProject section */
		F40CAFB724B34799004C7750 /* Project object */ = {
			isa = PBXProject;
			attributes = {
				LastSwiftUpdateCheck = 1150;
				LastUpgradeCheck = 1150;
				ORGANIZATIONNAME = oualiken;
				TargetAttributes = {
					F40CAFBE24B34799004C7750 = {
						CreatedOnToolsVersion = 11.5;
					};
					F40CAFD724B3479B004C7750 = {
						CreatedOnToolsVersion = 11.5;
						TestTargetID = F40CAFBE24B34799004C7750;
					};
					F40CAFE224B3479B004C7750 = {
						CreatedOnToolsVersion = 11.5;
						TestTargetID = F40CAFBE24B34799004C7750;
					};
				};
			};
			buildConfigurationList = F40CAFBA24B34799004C7750 /* Build configuration list for PBXProject "Net4Al2" */;
			compatibilityVersion = "Xcode 9.3";
			developmentRegion = en;
			hasScannedForEncodings = 0;
			knownRegions = (
				en,
				Base,
			);
			mainGroup = F40CAFB624B34799004C7750;
			productRefGroup = F40CAFC024B34799004C7750 /* Products */;
			projectDirPath = "";
			projectRoot = "";
			targets = (
				F40CAFBE24B34799004C7750 /* Net4Al2 */,
				F40CAFD724B3479B004C7750 /* Net4Al2Tests */,
				F40CAFE224B3479B004C7750 /* Net4Al2UITests */,
			);
		};
/* End PBXProject section */

/* Begin PBXResourcesBuildPhase section */
		F40CAFBD24B34799004C7750 /* Resources */ = {
			isa = PBXResourcesBuildPhase;
			buildActionMask = 2147483647;
			files = (
				F40CAFD224B3479B004C7750 /* LaunchScreen.storyboard in Resources */,
				F40CAFCF24B3479B004C7750 /* Assets.xcassets in Resources */,
				F40CAFCA24B34799004C7750 /* Main.storyboard in Resources */,
			);
			runOnlyForDeploymentPostprocessing = 0;
		};
		F40CAFD624B3479B004C7750 /* Resources */ = {
			isa = PBXResourcesBuildPhase;
			buildActionMask = 2147483647;
			files = (
			);
			runOnlyForDeploymentPostprocessing = 0;
		};
		F40CAFE124B3479B004C7750 /* Resources */ = {
			isa = PBXResourcesBuildPhase;
			buildActionMask = 2147483647;
			files = (
			);
			runOnlyForDeploymentPostprocessing = 0;
		};
/* End PBXResourcesBuildPhase section */

/* Begin PBXSourcesBuildPhase section */
		F40CAFBB24B34799004C7750 /* Sources */ = {
			isa = PBXSourcesBuildPhase;
			buildActionMask = 2147483647;
			files = (
				F40CAFC724B34799004C7750 /* ViewController.swift in Sources */,
				F40CAFC324B34799004C7750 /* AppDelegate.swift in Sources */,
				F40CAFCD24B34799004C7750 /* Net4Al2.xcdatamodeld in Sources */,
				F40CAFC524B34799004C7750 /* SceneDelegate.swift in Sources */,
			);
			runOnlyForDeploymentPostprocessing = 0;
		};
		F40CAFD424B3479B004C7750 /* Sources */ = {
			isa = PBXSourcesBuildPhase;
			buildActionMask = 2147483647;
			files = (
				F40CAFDD24B3479B004C7750 /* Net4Al2Tests.swift in Sources */,
			);
			runOnlyForDeploymentPostprocessing = 0;
		};
		F40CAFDF24B3479B004C7750 /* Sources */ = {
			isa = PBXSourcesBuildPhase;
			buildActionMask = 2147483647;
			files = (
				F40CAFE824B3479B004C7750 /* Net4Al2UITests.swift in Sources */,
			);
			runOnlyForDeploymentPostprocessing = 0;
		};
/* End PBXSourcesBuildPhase section */

/* Begin PBXTargetDependency section */
		F40CAFDA24B3479B004C7750 /* PBXTargetDependency */ = {
			isa = PBXTargetDependency;
			target = F40CAFBE24B34799004C7750 /* Net4Al2 */;
			targetProxy = F40CAFD924B3479B004C7750 /* PBXContainerItemProxy */;
		};
		F40CAFE524B3479B004C7750 /* PBXTargetDependency */ = {
			isa = PBXTargetDependency;
			target = F40CAFBE24B34799004C7750 /* Net4Al2 */;
			targetProxy = F40CAFE424B3479B004C7750 /* PBXContainerItemProxy */;
		};
/* End PBXTargetDependency section */

/* Begin PBXVariantGroup section */
		F40CAFC824B34799004C7750 /* Main.storyboard */ = {
			isa = PBXVariantGroup;
			children = (
				F40CAFC924B34799004C7750 /* Base */,
			);
			name = Main.storyboard;
			sourceTree = "<group>";
		};
		F40CAFD024B3479B004C7750 /* LaunchScreen.storyboard */ = {
			isa = PBXVariantGroup;
			children = (
				F40CAFD124B3479B004C7750 /* Base */,
			);
			name = LaunchScreen.storyboard;
			sourceTree = "<group>";
		};
/* End PBXVariantGroup section */

/* Begin XCBuildConfiguration section */
		F40CAFEA24B3479B004C7750 /* Debug */ = {
			isa = XCBuildConfiguration;
			buildSettings = {
				ALWAYS_SEARCH_USER_PATHS = NO;
				CLANG_ANALYZER_NONNULL = YES;
				CLANG_ANALYZER_NUMBER_OBJECT_CONVERSION = YES_AGGRESSIVE;
				CLANG_CXX_LANGUAGE_STANDARD = "gnu++14";
				CLANG_CXX_LIBRARY = "libc++";
				CLANG_ENABLE_MODULES = YES;
				CLANG_ENABLE_OBJC_ARC = YES;
				CLANG_ENABLE_OBJC_WEAK = YES;
				CLANG_WARN_BLOCK_CAPTURE_AUTORELEASING = YES;
				CLANG_WARN_BOOL_CONVERSION = YES;
				CLANG_WARN_COMMA = YES;
				CLANG_WARN_CONSTANT_CONVERSION = YES;
				CLANG_WARN_DEPRECATED_OBJC_IMPLEMENTATIONS = YES;
				CLANG_WARN_DIRECT_OBJC_ISA_USAGE = YES_ERROR;
				CLANG_WARN_DOCUMENTATION_COMMENTS = YES;
				CLANG_WARN_EMPTY_BODY = YES;
				CLANG_WARN_ENUM_CONVERSION = YES;
				CLANG_WARN_INFINITE_RECURSION = YES;
				CLANG_WARN_INT_CONVERSION = YES;
				CLANG_WARN_NON_LITERAL_NULL_CONVERSION = YES;
				CLANG_WARN_OBJC_IMPLICIT_RETAIN_SELF = YES;
				CLANG_WARN_OBJC_LITERAL_CONVERSION = YES;
				CLANG_WARN_OBJC_ROOT_CLASS = YES_ERROR;
				CLANG_WARN_RANGE_LOOP_ANALYSIS = YES;
				CLANG_WARN_STRICT_PROTOTYPES = YES;
				CLANG_WARN_SUSPICIOUS_MOVE = YES;
				CLANG_WARN_UNGUARDED_AVAILABILITY = YES_AGGRESSIVE;
				CLANG_WARN_UNREACHABLE_CODE = YES;
				CLANG_WARN__DUPLICATE_METHOD_MATCH = YES;
				COPY_PHASE_STRIP = NO;
				DEBUG_INFORMATION_FORMAT = dwarf;
				ENABLE_STRICT_OBJC_MSGSEND = YES;
				ENABLE_TESTABILITY = YES;
				GCC_C_LANGUAGE_STANDARD = gnu11;
				GCC_DYNAMIC_NO_PIC = NO;
				GCC_NO_COMMON_BLOCKS = YES;
				GCC_OPTIMIZATION_LEVEL = 0;
				GCC_PREPROCESSOR_DEFINITIONS = (
					"DEBUG=1",
					"$(inherited)",
				);
				GCC_WARN_64_TO_32_BIT_CONVERSION = YES;
				GCC_WARN_ABOUT_RETURN_TYPE = YES_ERROR;
				GCC_WARN_UNDECLARED_SELECTOR = YES;
				GCC_WARN_UNINITIALIZED_AUTOS = YES_AGGRESSIVE;
				GCC_WARN_UNUSED_FUNCTION = YES;
				GCC_WARN_UNUSED_VARIABLE = YES;
				IPHONEOS_DEPLOYMENT_TARGET = 13.5;
				MTL_ENABLE_DEBUG_INFO = INCLUDE_SOURCE;
				MTL_FAST_MATH = YES;
				ONLY_ACTIVE_ARCH = YES;
				SDKROOT = iphoneos;
				SWIFT_ACTIVE_COMPILATION_CONDITIONS = DEBUG;
				SWIFT_OPTIMIZATION_LEVEL = "-Onone";
			};
			name = Debug;
		};
		F40CAFEB24B3479B004C7750 /* Release */ = {
			isa = XCBuildConfiguration;
			buildSettings = {
				ALWAYS_SEARCH_USER_PATHS = NO;
				CLANG_ANALYZER_NONNULL = YES;
				CLANG_ANALYZER_NUMBER_OBJECT_CONVERSION = YES_AGGRESSIVE;
				CLANG_CXX_LANGUAGE_STANDARD = "gnu++14";
				CLANG_CXX_LIBRARY = "libc++";
				CLANG_ENABLE_MODULES = YES;
				CLANG_ENABLE_OBJC_ARC = YES;
				CLANG_ENABLE_OBJC_WEAK = YES;
				CLANG_WARN_BLOCK_CAPTURE_AUTORELEASING = YES;
				CLANG_WARN_BOOL_CONVERSION = YES;
				CLANG_WARN_COMMA = YES;
				CLANG_WARN_CONSTANT_CONVERSION = YES;
				CLANG_WARN_DEPRECATED_OBJC_IMPLEMENTATIONS = YES;
				CLANG_WARN_DIRECT_OBJC_ISA_USAGE = YES_ERROR;
				CLANG_WARN_DOCUMENTATION_COMMENTS = YES;
				CLANG_WARN_EMPTY_BODY = YES;
				CLANG_WARN_ENUM_CONVERSION = YES;
				CLANG_WARN_INFINITE_RECURSION = YES;
				CLANG_WARN_INT_CONVERSION = YES;
				CLANG_WARN_NON_LITERAL_NULL_CONVERSION = YES;
				CLANG_WARN_OBJC_IMPLICIT_RETAIN_SELF = YES;
				CLANG_WARN_OBJC_LITERAL_CONVERSION = YES;
				CLANG_WARN_OBJC_ROOT_CLASS = YES_ERROR;
				CLANG_WARN_RANGE_LOOP_ANALYSIS = YES;
				CLANG_WARN_STRICT_PROTOTYPES = YES;
				CLANG_WARN_SUSPICIOUS_MOVE = YES;
				CLANG_WARN_UNGUARDED_AVAILABILITY = YES_AGGRESSIVE;
				CLANG_WARN_UNREACHABLE_CODE = YES;
				CLANG_WARN__DUPLICATE_METHOD_MATCH = YES;
				COPY_PHASE_STRIP = NO;
				DEBUG_INFORMATION_FORMAT = "dwarf-with-dsym";
				ENABLE_NS_ASSERTIONS = NO;
				ENABLE_STRICT_OBJC_MSGSEND = YES;
				GCC_C_LANGUAGE_STANDARD = gnu11;
				GCC_NO_COMMON_BLOCKS = YES;
				GCC_WARN_64_TO_32_BIT_CONVERSION = YES;
				GCC_WARN_ABOUT_RETURN_TYPE = YES_ERROR;
				GCC_WARN_UNDECLARED_SELECTOR = YES;
				GCC_WARN_UNINITIALIZED_AUTOS = YES_AGGRESSIVE;
				GCC_WARN_UNUSED_FUNCTION = YES;
				GCC_WARN_UNUSED_VARIABLE = YES;
				IPHONEOS_DEPLOYMENT_TARGET = 13.5;
				MTL_ENABLE_DEBUG_INFO = NO;
				MTL_FAST_MATH = YES;
				SDKROOT = iphoneos;
				SWIFT_COMPILATION_MODE = wholemodule;
				SWIFT_OPTIMIZATION_LEVEL = "-O";
				VALIDATE_PRODUCT = YES;
			};
			name = Release;
		};
		F40CAFED24B3479B004C7750 /* Debug */ = {
			isa = XCBuildConfiguration;
			buildSettings = {
				ASSETCATALOG_COMPILER_APPICON_NAME = AppIcon;
				CODE_SIGN_STYLE = Automatic;
				DEVELOPMENT_TEAM = MPE4LAV2PB;
				INFOPLIST_FILE = Net4Al2/Info.plist;
				LD_RUNPATH_SEARCH_PATHS = (
					"$(inherited)",
					"@executable_path/Frameworks",
				);
				PRODUCT_BUNDLE_IDENTIFIER = oualitoken.Net4Al2;
				PRODUCT_NAME = "$(TARGET_NAME)";
				SWIFT_VERSION = 5.0;
				TARGETED_DEVICE_FAMILY = "1,2";
			};
			name = Debug;
		};
		F40CAFEE24B3479B004C7750 /* Release */ = {
			isa = XCBuildConfiguration;
			buildSettings = {
				ASSETCATALOG_COMPILER_APPICON_NAME = AppIcon;
				CODE_SIGN_STYLE = Automatic;
				DEVELOPMENT_TEAM = MPE4LAV2PB;
				INFOPLIST_FILE = Net4Al2/Info.plist;
				LD_RUNPATH_SEARCH_PATHS = (
					"$(inherited)",
					"@executable_path/Frameworks",
				);
				PRODUCT_BUNDLE_IDENTIFIER = oualitoken.Net4Al2;
				PRODUCT_NAME = "$(TARGET_NAME)";
				SWIFT_VERSION = 5.0;
				TARGETED_DEVICE_FAMILY = "1,2";
			};
			name = Release;
		};
		F40CAFF024B3479B004C7750 /* Debug */ = {
			isa = XCBuildConfiguration;
			buildSettings = {
				ALWAYS_EMBED_SWIFT_STANDARD_LIBRARIES = YES;
				BUNDLE_LOADER = "$(TEST_HOST)";
				CODE_SIGN_STYLE = Automatic;
				DEVELOPMENT_TEAM = MPE4LAV2PB;
				INFOPLIST_FILE = Net4Al2Tests/Info.plist;
				IPHONEOS_DEPLOYMENT_TARGET = 13.5;
				LD_RUNPATH_SEARCH_PATHS = (
					"$(inherited)",
					"@executable_path/Frameworks",
					"@loader_path/Frameworks",
				);
				PRODUCT_BUNDLE_IDENTIFIER = oualitoken.Net4Al2Tests;
				PRODUCT_NAME = "$(TARGET_NAME)";
				SWIFT_VERSION = 5.0;
				TARGETED_DEVICE_FAMILY = "1,2";
				TEST_HOST = "$(BUILT_PRODUCTS_DIR)/Net4Al2.app/Net4Al2";
			};
			name = Debug;
		};
		F40CAFF124B3479B004C7750 /* Release */ = {
			isa = XCBuildConfiguration;
			buildSettings = {
				ALWAYS_EMBED_SWIFT_STANDARD_LIBRARIES = YES;
				BUNDLE_LOADER = "$(TEST_HOST)";
				CODE_SIGN_STYLE = Automatic;
				DEVELOPMENT_TEAM = MPE4LAV2PB;
				INFOPLIST_FILE = Net4Al2Tests/Info.plist;
				IPHONEOS_DEPLOYMENT_TARGET = 13.5;
				LD_RUNPATH_SEARCH_PATHS = (
					"$(inherited)",
					"@executable_path/Frameworks",
					"@loader_path/Frameworks",
				);
				PRODUCT_BUNDLE_IDENTIFIER = oualitoken.Net4Al2Tests;
				PRODUCT_NAME = "$(TARGET_NAME)";
				SWIFT_VERSION = 5.0;
				TARGETED_DEVICE_FAMILY = "1,2";
				TEST_HOST = "$(BUILT_PRODUCTS_DIR)/Net4Al2.app/Net4Al2";
			};
			name = Release;
		};
		F40CAFF324B3479B004C7750 /* Debug */ = {
			isa = XCBuildConfiguration;
			buildSettings = {
				ALWAYS_EMBED_SWIFT_STANDARD_LIBRARIES = YES;
				CODE_SIGN_STYLE = Automatic;
				DEVELOPMENT_TEAM = MPE4LAV2PB;
				INFOPLIST_FILE = Net4Al2UITests/Info.plist;
				LD_RUNPATH_SEARCH_PATHS = (
					"$(inherited)",
					"@executable_path/Frameworks",
					"@loader_path/Frameworks",
				);
				PRODUCT_BUNDLE_IDENTIFIER = oualitoken.Net4Al2UITests;
				PRODUCT_NAME = "$(TARGET_NAME)";
				SWIFT_VERSION = 5.0;
				TARGETED_DEVICE_FAMILY = "1,2";
				TEST_TARGET_NAME = Net4Al2;
			};
			name = Debug;
		};
		F40CAFF424B3479B004C7750 /* Release */ = {
			isa = XCBuildConfiguration;
			buildSettings = {
				ALWAYS_EMBED_SWIFT_STANDARD_LIBRARIES = YES;
				CODE_SIGN_STYLE = Automatic;
				DEVELOPMENT_TEAM = MPE4LAV2PB;
				INFOPLIST_FILE = Net4Al2UITests/Info.plist;
				LD_RUNPATH_SEARCH_PATHS = (
					"$(inherited)",
					"@executable_path/Frameworks",
					"@loader_path/Frameworks",
				);
				PRODUCT_BUNDLE_IDENTIFIER = oualitoken.Net4Al2UITests;
				PRODUCT_NAME = "$(TARGET_NAME)";
				SWIFT_VERSION = 5.0;
				TARGETED_DEVICE_FAMILY = "1,2";
				TEST_TARGET_NAME = Net4Al2;
			};
			name = Release;
		};
/* End XCBuildConfiguration section */

/* Begin XCConfigurationList section */
		F40CAFBA24B34799004C7750 /* Build configuration list for PBXProject "Net4Al2" */ = {
			isa = XCConfigurationList;
			buildConfigurations = (
				F40CAFEA24B3479B004C7750 /* Debug */,
				F40CAFEB24B3479B004C7750 /* Release */,
			);
			defaultConfigurationIsVisible = 0;
			defaultConfigurationName = Release;
		};
		F40CAFEC24B3479B004C7750 /* Build configuration list for PBXNativeTarget "Net4Al2" */ = {
			isa = XCConfigurationList;
			buildConfigurations = (
				F40CAFED24B3479B004C7750 /* Debug */,
				F40CAFEE24B3479B004C7750 /* Release */,
			);
			defaultConfigurationIsVisible = 0;
			defaultConfigurationName = Release;
		};
		F40CAFEF24B3479B004C7750 /* Build configuration list for PBXNativeTarget "Net4Al2Tests" */ = {
			isa = XCConfigurationList;
			buildConfigurations = (
				F40CAFF024B3479B004C7750 /* Debug */,
				F40CAFF124B3479B004C7750 /* Release */,
			);
			defaultConfigurationIsVisible = 0;
			defaultConfigurationName = Release;
		};
		F40CAFF224B3479B004C7750 /* Build configuration list for PBXNativeTarget "Net4Al2UITests" */ = {
			isa = XCConfigurationList;
			buildConfigurations = (
				F40CAFF324B3479B004C7750 /* Debug */,
				F40CAFF424B3479B004C7750 /* Release */,
			);
			defaultConfigurationIsVisible = 0;
			defaultConfigurationName = Release;
		};
/* End XCConfigurationList section */

/* Begin XCVersionGroup section */
		F40CAFCB24B34799004C7750 /* Net4Al2.xcdatamodeld */ = {
			isa = XCVersionGroup;
			children = (
				F40CAFCC24B34799004C7750 /* Net4Al2.xcdatamodel */,
			);
			currentVersion = F40CAFCC24B34799004C7750 /* Net4Al2.xcdatamodel */;
			path = Net4Al2.xcdatamodeld;
			sourceTree = "<group>";
			versionGroupType = wrapper.xcdatamodel;
		};
/* End XCVersionGroup section */
	};
	rootObject = F40CAFB724B34799004C7750 /* Project object */;
}
